Microsoft Visual Studio Solution File, Format Version 9.00
# Visual Studio 2005
Project("{8BC9CEB8-8B4A-11D0-8D11-00A0C91BC942}") = "build_msg", "build_msg.vcproj", "{99A84638-DF3A-417F-895D-5BD88FC29411}"
	ProjectSection(ProjectDependencies) = postProject
		{4FE03933-98CD-4879-A135-FD9430087A6B} = {4FE03933-98CD-4879-A135-FD9430087A6B}
		{15605F44-BFFD-444F-AD4C-55DC9D704465} = {15605F44-BFFD-444F-AD4C-55DC9D704465}
	EndProjectSection
EndProject
Project("{8BC9CEB8-8B4A-11D0-8D11-00A0C91BC942}") = "codes", "codes.vcproj", "{5658573B-E79E-4C84-8B15-C910C4CDB9AD}"
	ProjectSection(ProjectDependencies) = postProject
		{4FE03933-98CD-4879-A135-FD9430087A6B} = {4FE03933-98CD-4879-A135-FD9430087A6B}
	EndProjectSection
EndProject
Project("{8BC9CEB8-8B4A-11D0-8D11-00A0C91BC942}") = "gpre_boot", "gpre_boot.vcproj", "{8348521F-4480-4A1D-AE3B-E260235E9860}"
	ProjectSection(ProjectDependencies) = postProject
		{15605F44-BFFD-444F-AD4C-55DC9D704465} = {15605F44-BFFD-444F-AD4C-55DC9D704465}
		{2925B855-5975-44AE-BB00-1217A2A4E511} = {2925B855-5975-44AE-BB00-1217A2A4E511}
	EndProjectSection
EndProject
Project("{8BC9CEB8-8B4A-11D0-8D11-00A0C91BC942}") = "common", "common.vcproj", "{15605F44-BFFD-444F-AD4C-55DC9D704465}"
EndProject
Project("{8BC9CEB8-8B4A-11D0-8D11-00A0C91BC942}") = "btyacc", "btyacc.vcproj", "{57CDBF51-F1FB-4227-8C03-6F4134A7E234}"
EndProject
Project("{8BC9CEB8-8B4A-11D0-8D11-00A0C91BC942}") = "gpre_common", "gpre_common.vcproj", "{2925B855-5975-44AE-BB00-1217A2A4E511}"
EndProject
Project("{8BC9CEB8-8B4A-11D0-8D11-00A0C91BC942}") = "remote", "remote.vcproj", "{4BCC693D-1745-45ED-8302-E5E2F979549A}"
EndProject
Project("{8BC9CEB8-8B4A-11D0-8D11-00A0C91BC942}") = "yvalve", "yvalve.vcproj", "{4FE03933-98CD-4879-A135-FD9430087A6B}"
	ProjectSection(ProjectDependencies) = postProject
		{4BCC693D-1745-45ED-8302-E5E2F979549A} = {4BCC693D-1745-45ED-8302-E5E2F979549A}
		{15605F44-BFFD-444F-AD4C-55DC9D704465} = {15605F44-BFFD-444F-AD4C-55DC9D704465}
	EndProjectSection
EndProject
Global
	GlobalSection(SolutionConfigurationPlatforms) = preSolution
		Debug|Win32 = Debug|Win32
		Debug|x64 = Debug|x64
		Release|Win32 = Release|Win32
		Release|x64 = Release|x64
	EndGlobalSection
	GlobalSection(ProjectConfigurationPlatforms) = postSolution
		{99A84638-DF3A-417F-895D-5BD88FC29411}.Debug|Win32.ActiveCfg = Debug|Win32
		{99A84638-DF3A-417F-895D-5BD88FC29411}.Debug|Win32.Build.0 = Debug|Win32
		{99A84638-DF3A-417F-895D-5BD88FC29411}.Debug|x64.ActiveCfg = Debug|x64
		{99A84638-DF3A-417F-895D-5BD88FC29411}.Debug|x64.Build.0 = Debug|x64
		{99A84638-DF3A-417F-895D-5BD88FC29411}.Release|Win32.ActiveCfg = Release|Win32
		{99A84638-DF3A-417F-895D-5BD88FC29411}.Release|Win32.Build.0 = Release|Win32
		{99A84638-DF3A-417F-895D-5BD88FC29411}.Release|x64.ActiveCfg = Release|x64
		{99A84638-DF3A-417F-895D-5BD88FC29411}.Release|x64.Build.0 = Release|x64
		{5658573B-E79E-4C84-8B15-C910C4CDB9AD}.Debug|Win32.ActiveCfg = Debug|Win32
		{5658573B-E79E-4C84-8B15-C910C4CDB9AD}.Debug|Win32.Build.0 = Debug|Win32
		{5658573B-E79E-4C84-8B15-C910C4CDB9AD}.Debug|x64.ActiveCfg = Debug|x64
		{5658573B-E79E-4C84-8B15-C910C4CDB9AD}.Debug|x64.Build.0 = Debug|x64
		{5658573B-E79E-4C84-8B15-C910C4CDB9AD}.Release|Win32.ActiveCfg = Release|Win32
		{5658573B-E79E-4C84-8B15-C910C4CDB9AD}.Release|Win32.Build.0 = Release|Win32
		{5658573B-E79E-4C84-8B15-C910C4CDB9AD}.Release|x64.ActiveCfg = Release|x64
		{5658573B-E79E-4C84-8B15-C910C4CDB9AD}.Release|x64.Build.0 = Release|x64
		{8348521F-4480-4A1D-AE3B-E260235E9860}.Debug|Win32.ActiveCfg = Debug|Win32
		{8348521F-4480-4A1D-AE3B-E260235E9860}.Debug|Win32.Build.0 = Debug|Win32
		{8348521F-4480-4A1D-AE3B-E260235E9860}.Debug|x64.ActiveCfg = Debug|x64
		{8348521F-4480-4A1D-AE3B-E260235E9860}.Debug|x64.Build.0 = Debug|x64
		{8348521F-4480-4A1D-AE3B-E260235E9860}.Release|Win32.ActiveCfg = Release|Win32
		{8348521F-4480-4A1D-AE3B-E260235E9860}.Release|Win32.Build.0 = Release|Win32
		{8348521F-4480-4A1D-AE3B-E260235E9860}.Release|x64.ActiveCfg = Release|x64
		{8348521F-4480-4A1D-AE3B-E260235E9860}.Release|x64.Build.0 = Release|x64
		{15605F44-BFFD-444F-AD4C-55DC9D704465}.Debug|Win32.ActiveCfg = Debug|Win32
		{15605F44-BFFD-444F-AD4C-55DC9D704465}.Debug|Win32.Build.0 = Debug|Win32
		{15605F44-BFFD-444F-AD4C-55DC9D704465}.Debug|x64.ActiveCfg = Debug|x64
		{15605F44-BFFD-444F-AD4C-55DC9D704465}.Debug|x64.Build.0 = Debug|x64
		{15605F44-BFFD-444F-AD4C-55DC9D704465}.Release|Win32.ActiveCfg = Release|Win32
		{15605F44-BFFD-444F-AD4C-55DC9D704465}.Release|Win32.Build.0 = Release|Win32
		{15605F44-BFFD-444F-AD4C-55DC9D704465}.Release|x64.ActiveCfg = Release|x64
		{15605F44-BFFD-444F-AD4C-55DC9D704465}.Release|x64.Build.0 = Release|x64
		{57CDBF51-F1FB-4227-8C03-6F4134A7E234}.Debug|Win32.ActiveCfg = Debug|Win32
		{57CDBF51-F1FB-4227-8C03-6F4134A7E234}.Debug|Win32.Build.0 = Debug|Win32
		{57CDBF51-F1FB-4227-8C03-6F4134A7E234}.Debug|x64.ActiveCfg = Debug|x64
		{57CDBF51-F1FB-4227-8C03-6F4134A7E234}.Debug|x64.Build.0 = Debug|x64
		{57CDBF51-F1FB-4227-8C03-6F4134A7E234}.Release|Win32.ActiveCfg = Release|Win32
		{57CDBF51-F1FB-4227-8C03-6F4134A7E234}.Release|Win32.Build.0 = Release|Win32
		{57CDBF51-F1FB-4227-8C03-6F4134A7E234}.Release|x64.ActiveCfg = Release|x64
		{57CDBF51-F1FB-4227-8C03-6F4134A7E234}.Release|x64.Build.0 = Release|x64
		{2925B855-5975-44AE-BB00-1217A2A4E511}.Debug|Win32.ActiveCfg = Debug|Win32
		{2925B855-5975-44AE-BB00-1217A2A4E511}.Debug|Win32.Build.0 = Debug|Win32
		{2925B855-5975-44AE-BB00-1217A2A4E511}.Debug|x64.ActiveCfg = Debug|x64
		{2925B855-5975-44AE-BB00-1217A2A4E511}.Debug|x64.Build.0 = Debug|x64
		{2925B855-5975-44AE-BB00-1217A2A4E511}.Release|Win32.ActiveCfg = Release|Win32
		{2925B855-5975-44AE-BB00-1217A2A4E511}.Release|Win32.Build.0 = Release|Win32
		{2925B855-5975-44AE-BB00-1217A2A4E511}.Release|x64.ActiveCfg = Release|x64
		{2925B855-5975-44AE-BB00-1217A2A4E511}.Release|x64.Build.0 = Release|x64
		{4BCC693D-1745-45ED-8302-E5E2F979549A}.Debug|Win32.ActiveCfg = Debug|Win32
		{4BCC693D-1745-45ED-8302-E5E2F979549A}.Debug|Win32.Build.0 = Debug|Win32
		{4BCC693D-1745-45ED-8302-E5E2F979549A}.Debug|x64.ActiveCfg = Debug|x64
		{4BCC693D-1745-45ED-8302-E5E2F979549A}.Debug|x64.Build.0 = Debug|x64
		{4BCC693D-1745-45ED-8302-E5E2F979549A}.Release|Win32.ActiveCfg = Release|Win32
		{4BCC693D-1745-45ED-8302-E5E2F979549A}.Release|Win32.Build.0 = Release|Win32
		{4BCC693D-1745-45ED-8302-E5E2F979549A}.Release|x64.ActiveCfg = Release|x64
		{4BCC693D-1745-45ED-8302-E5E2F979549A}.Release|x64.Build.0 = Release|x64
		{4FE03933-98CD-4879-A135-FD9430087A6B}.Debug|Win32.ActiveCfg = Debug|Win32
		{4FE03933-98CD-4879-A135-FD9430087A6B}.Debug|Win32.Build.0 = Debug|Win32
		{4FE03933-98CD-4879-A135-FD9430087A6B}.Debug|x64.ActiveCfg = Debug|x64
		{4FE03933-98CD-4879-A135-FD9430087A6B}.Debug|x64.Build.0 = Debug|x64
		{4FE03933-98CD-4879-A135-FD9430087A6B}.Release|Win32.ActiveCfg = Release|Win32
		{4FE03933-98CD-4879-A135-FD9430087A6B}.Release|Win32.Build.0 = Release|Win32
		{4FE03933-98CD-4879-A135-FD9430087A6B}.Release|x64.ActiveCfg = Release|x64
		{4FE03933-98CD-4879-A135-FD9430087A6B}.Release|x64.Build.0 = Release|x64
	EndGlobalSection
	GlobalSection(SolutionProperties) = preSolution
		HideSolutionNode = FALSE
	EndGlobalSection
EndGlobal
