<?xml version="1.0" encoding="utf-8"?>
<Project ToolsVersion="4.0" xmlns="http://schemas.microsoft.com/developer/msbuild/2003">
  <ItemGroup>
    <Filter Include="GUARD files">
      <UniqueIdentifier>{a0bfa88f-217a-4063-8889-1ed633aec0fc}</UniqueIdentifier>
      <Extensions>cpp;c;cxx;rc;def;r;odl;idl;hpj;bat</Extensions>
    </Filter>
    <Filter Include="REMOTE files">
      <UniqueIdentifier>{fdd05782-9e05-4326-8ff6-d9b3ea6bfa0c}</UniqueIdentifier>
    </Filter>
    <Filter Include="Header files">
      <UniqueIdentifier>{8aefd5a8-801b-4c4f-a627-7f7ef3dea237}</UniqueIdentifier>
      <Extensions>h;hpp;hxx;hm;inl</Extensions>
    </Filter>
    <Filter Include="Resource files">
      <UniqueIdentifier>{769da84e-5691-4f8f-ac8b-af4fd58d8e7a}</UniqueIdentifier>
    </Filter>
  </ItemGroup>
  <ItemGroup>
    <ClCompile Include="..\..\..\src\iscguard\cntl_guard.cpp">
      <Filter>GUARD files</Filter>
    </ClCompile>
    <ClCompile Include="..\..\..\src\iscguard\iscguard.cpp">
      <Filter>GUARD files</Filter>
    </ClCompile>
    <ClCompile Include="..\..\..\src\remote\server\os\win32\chop.cpp">
      <Filter>REMOTE files</Filter>
    </ClCompile>
  </ItemGroup>
  <ItemGroup>
    <ClInclude Include="..\..\..\src\iscguard\cntlg_proto.h">
      <Filter>Header files</Filter>
    </ClInclude>
    <ClInclude Include="..\..\..\src\iscguard\iscguard.h">
      <Filter>Header files</Filter>
    </ClInclude>
  </ItemGroup>
  <ItemGroup>
    <ResourceCompile Include="..\..\..\src\iscguard\iscguard.rc">
      <Filter>Resource files</Filter>
    </ResourceCompile>
  </ItemGroup>
</Project>