<?xml version="1.0" encoding="utf-8"?>
<Project ToolsVersion="4.0" xmlns="http://schemas.microsoft.com/developer/msbuild/2003">
  <ItemGroup>
    <Filter Include="ALICE files">
      <UniqueIdentifier>{a6d713b6-1a61-4b49-b9d7-97833674962c}</UniqueIdentifier>
      <Extensions>cpp;c;cxx;rc;def;r;odl;idl;hpj;bat</Extensions>
    </Filter>
    <Filter Include="Resource files">
      <UniqueIdentifier>{9aeb1df9-9026-42c6-be5f-5ad7690f8307}</UniqueIdentifier>
    </Filter>
  </ItemGroup>
  <ItemGroup>
    <ClCompile Include="..\..\..\src\alice\main\aliceMain.cpp">
      <Filter>ALICE files</Filter>
    </ClCompile>
  </ItemGroup>
  <ItemGroup>
    <ResourceCompile Include="..\..\..\src\jrd\version.rc">
      <Filter>Resource files</Filter>
    </ResourceCompile>
  </ItemGroup>
</Project>