<?xml version="1.0" encoding="utf-8"?>
<Project ToolsVersion="4.0" xmlns="http://schemas.microsoft.com/developer/msbuild/2003">
  <ItemGroup>
    <None Include="..\defs\plugin.def" />
  </ItemGroup>
  <ItemGroup>
    <Filter Include="AUTH files">
      <UniqueIdentifier>{7b6c8954-96af-468f-a901-f3c81597d183}</UniqueIdentifier>
    </Filter>
    <Filter Include="Resource files">
      <UniqueIdentifier>{4c5e0fa9-7842-465d-9364-753bfb267c3d}</UniqueIdentifier>
    </Filter>
  </ItemGroup>
  <ItemGroup>
    <ResourceCompile Include="..\..\..\src\jrd\version.rc">
      <Filter>Resource files</Filter>
    </ResourceCompile>
  </ItemGroup>
  <ItemGroup>
    <ClCompile Include="..\..\..\src\auth\SecurityDatabase\LegacyServer.cpp">
      <Filter>AUTH files</Filter>
    </ClCompile>
  </ItemGroup>
</Project>