Microsoft Visual Studio Solution File, Format Version 7.00
Project("{8BC9CEB8-8B4A-11D0-8D11-00A0C91BC942}") = "Libnet-latest-006", "Libnet-latest.vcproj", "{6A0551E1-E416-4125-BCC0-F18F2D601806}"
EndProject
Project("{8BC9CEB8-8B4A-11D0-8D11-00A0C91BC942}") = "arp", "..\sample\win32\arp\arp.vcproj", "{8DB5763E-7AA2-43BE-9D7A-1F4138DEA904}"
EndProject
Project("{8BC9CEB8-8B4A-11D0-8D11-00A0C91BC942}") = "cdp", "..\sample\win32\cdp\cdp.vcproj", "{8DB5763E-7AA2-43BE-9D7A-1F4138DEA904}"
EndProject
Project("{8BC9CEB8-8B4A-11D0-8D11-00A0C91BC942}") = "dhcp_discover", "..\sample\win32\dhcp_discover\dhcp_discover.vcproj", "{482A29C5-AAD2-478A-AE7B-089BE39F25B4}"
EndProject
Project("{8BC9CEB8-8B4A-11D0-8D11-00A0C91BC942}") = "get_addr", "..\sample\win32\get_addr\get_addr.vcproj", "{DA921F29-B6BE-4E55-9040-B6DD434F1E43}"
EndProject
Project("{8BC9CEB8-8B4A-11D0-8D11-00A0C91BC942}") = "icmp_echo_cq", "..\sample\win32\icmp_echo_cq\icmp_echo_cq.vcproj", "{482A29C5-AAD2-478A-AE7B-089BE39F25B4}"
EndProject
Project("{8BC9CEB8-8B4A-11D0-8D11-00A0C91BC942}") = "tcp1", "..\sample\win32\tcp1\tcp1.vcproj", "{482A29C5-AAD2-478A-AE7B-089BE39F25B4}"
EndProject
Project("{8BC9CEB8-8B4A-11D0-8D11-00A0C91BC942}") = "udp1", "..\sample\win32\udp1\udp1.vcproj", "{482A29C5-AAD2-478A-AE7B-089BE39F25B4}"
EndProject
Project("{8BC9CEB8-8B4A-11D0-8D11-00A0C91BC942}") = "dns", "..\sample\win32\dns\dns.vcproj", "{482A29C5-AAD2-478A-AE7B-089BE39F25B4}"
EndProject
Global
	GlobalSection(SolutionConfiguration) = preSolution
		ConfigName.0 = Debug
		ConfigName.1 = Release
	EndGlobalSection
	GlobalSection(ProjectDependencies) = postSolution
		{8DB5763E-7AA2-43BE-9D7A-1F4138DEA904}.0 = {6A0551E1-E416-4125-BCC0-F18F2D601806}
		{8DB5763E-7AA2-43BE-9D7A-1F4138DEA904}.0 = {6A0551E1-E416-4125-BCC0-F18F2D601806}
		{482A29C5-AAD2-478A-AE7B-089BE39F25B4}.0 = {6A0551E1-E416-4125-BCC0-F18F2D601806}
		{DA921F29-B6BE-4E55-9040-B6DD434F1E43}.0 = {6A0551E1-E416-4125-BCC0-F18F2D601806}
		{482A29C5-AAD2-478A-AE7B-089BE39F25B4}.0 = {6A0551E1-E416-4125-BCC0-F18F2D601806}
		{482A29C5-AAD2-478A-AE7B-089BE39F25B4}.0 = {6A0551E1-E416-4125-BCC0-F18F2D601806}
		{482A29C5-AAD2-478A-AE7B-089BE39F25B4}.0 = {6A0551E1-E416-4125-BCC0-F18F2D601806}
		{482A29C5-AAD2-478A-AE7B-089BE39F25B4}.0 = {6A0551E1-E416-4125-BCC0-F18F2D601806}
	EndGlobalSection
	GlobalSection(ProjectConfiguration) = postSolution
		{6A0551E1-E416-4125-BCC0-F18F2D601806}.Debug.ActiveCfg = Debug|Win32
		{6A0551E1-E416-4125-BCC0-F18F2D601806}.Debug.Build.0 = Debug|Win32
		{6A0551E1-E416-4125-BCC0-F18F2D601806}.Release.ActiveCfg = Debug|Win32
		{6A0551E1-E416-4125-BCC0-F18F2D601806}.Release.Build.0 = Debug|Win32
		{8DB5763E-7AA2-43BE-9D7A-1F4138DEA904}.Debug.ActiveCfg = Debug|Win32
		{8DB5763E-7AA2-43BE-9D7A-1F4138DEA904}.Debug.Build.0 = Debug|Win32
		{8DB5763E-7AA2-43BE-9D7A-1F4138DEA904}.Release.ActiveCfg = Release|Win32
		{8DB5763E-7AA2-43BE-9D7A-1F4138DEA904}.Release.Build.0 = Release|Win32
		{8DB5763E-7AA2-43BE-9D7A-1F4138DEA904}.Debug.ActiveCfg = Debug|Win32
		{8DB5763E-7AA2-43BE-9D7A-1F4138DEA904}.Debug.Build.0 = Debug|Win32
		{8DB5763E-7AA2-43BE-9D7A-1F4138DEA904}.Release.ActiveCfg = Release|Win32
		{8DB5763E-7AA2-43BE-9D7A-1F4138DEA904}.Release.Build.0 = Release|Win32
		{482A29C5-AAD2-478A-AE7B-089BE39F25B4}.Debug.ActiveCfg = Debug|Win32
		{482A29C5-AAD2-478A-AE7B-089BE39F25B4}.Debug.Build.0 = Debug|Win32
		{482A29C5-AAD2-478A-AE7B-089BE39F25B4}.Release.ActiveCfg = Release|Win32
		{482A29C5-AAD2-478A-AE7B-089BE39F25B4}.Release.Build.0 = Release|Win32
		{DA921F29-B6BE-4E55-9040-B6DD434F1E43}.Debug.ActiveCfg = Debug|Win32
		{DA921F29-B6BE-4E55-9040-B6DD434F1E43}.Debug.Build.0 = Debug|Win32
		{DA921F29-B6BE-4E55-9040-B6DD434F1E43}.Release.ActiveCfg = Release|Win32
		{DA921F29-B6BE-4E55-9040-B6DD434F1E43}.Release.Build.0 = Release|Win32
		{482A29C5-AAD2-478A-AE7B-089BE39F25B4}.Debug.ActiveCfg = Debug|Win32
		{482A29C5-AAD2-478A-AE7B-089BE39F25B4}.Debug.Build.0 = Debug|Win32
		{482A29C5-AAD2-478A-AE7B-089BE39F25B4}.Release.ActiveCfg = Release|Win32
		{482A29C5-AAD2-478A-AE7B-089BE39F25B4}.Release.Build.0 = Release|Win32
		{482A29C5-AAD2-478A-AE7B-089BE39F25B4}.Debug.ActiveCfg = Debug|Win32
		{482A29C5-AAD2-478A-AE7B-089BE39F25B4}.Debug.Build.0 = Debug|Win32
		{482A29C5-AAD2-478A-AE7B-089BE39F25B4}.Release.ActiveCfg = Release|Win32
		{482A29C5-AAD2-478A-AE7B-089BE39F25B4}.Release.Build.0 = Release|Win32
		{482A29C5-AAD2-478A-AE7B-089BE39F25B4}.Debug.ActiveCfg = Debug|Win32
		{482A29C5-AAD2-478A-AE7B-089BE39F25B4}.Debug.Build.0 = Debug|Win32
		{482A29C5-AAD2-478A-AE7B-089BE39F25B4}.Release.ActiveCfg = Release|Win32
		{482A29C5-AAD2-478A-AE7B-089BE39F25B4}.Release.Build.0 = Release|Win32
		{482A29C5-AAD2-478A-AE7B-089BE39F25B4}.Debug.ActiveCfg = Debug|Win32
		{482A29C5-AAD2-478A-AE7B-089BE39F25B4}.Debug.Build.0 = Debug|Win32
		{482A29C5-AAD2-478A-AE7B-089BE39F25B4}.Release.ActiveCfg = Release|Win32
		{482A29C5-AAD2-478A-AE7B-089BE39F25B4}.Release.Build.0 = Release|Win32
	EndGlobalSection
	GlobalSection(ExtensibilityGlobals) = postSolution
	EndGlobalSection
	GlobalSection(ExtensibilityAddIns) = postSolution
	EndGlobalSection
EndGlobal
