Microsoft Visual Studio Solution File, Format Version 8.00
Project("{8BC9CEB8-8B4A-11D0-8D11-00A0C91BC942}") = "build_msg", "build_msg.vcproj", "{99A84638-DF3A-417F-895D-5BD88FC29411}"
	ProjectSection(ProjectDependencies) = postProject
		{C5A60E3D-7815-4127-B856-96277BEC1D11} = {C5A60E3D-7815-4127-B856-96277BEC1D11}
	EndProjectSection
EndProject
Project("{8BC9CEB8-8B4A-11D0-8D11-00A0C91BC942}") = "codes", "codes.vcproj", "{5658573B-E79E-4C84-8B15-C910C4CDB9AD}"
	ProjectSection(ProjectDependencies) = postProject
		{C5A60E3D-7815-4127-B856-96277BEC1D11} = {C5A60E3D-7815-4127-B856-96277BEC1D11}
	EndProjectSection
EndProject
Project("{8BC9CEB8-8B4A-11D0-8D11-00A0C91BC942}") = "common_static", "common_static.vcproj", "{DC8E2FAB-B3E1-4A13-A1EC-60D05D0135C9}"
EndProject
Project("{8BC9CEB8-8B4A-11D0-8D11-00A0C91BC942}") = "gpre_boot", "gpre_boot.vcproj", "{8348521F-4480-4A1D-AE3B-E260235E9860}"
	ProjectSection(ProjectDependencies) = postProject
		{DC8E2FAB-B3E1-4A13-A1EC-60D05D0135C9} = {DC8E2FAB-B3E1-4A13-A1EC-60D05D0135C9}
	EndProjectSection
EndProject
Project("{8BC9CEB8-8B4A-11D0-8D11-00A0C91BC942}") = "gpre_embed", "gpre_embed.vcproj", "{A8FA63F9-9F86-49DA-96AC-2A6AB5B8F292}"
	ProjectSection(ProjectDependencies) = postProject
		{DC8E2FAB-B3E1-4A13-A1EC-60D05D0135C9} = {DC8E2FAB-B3E1-4A13-A1EC-60D05D0135C9}
		{C5A60E3D-7815-4127-B856-96277BEC1D11} = {C5A60E3D-7815-4127-B856-96277BEC1D11}
	EndProjectSection
EndProject
Project("{8BC9CEB8-8B4A-11D0-8D11-00A0C91BC942}") = "fbembed", "fbembed.vcproj", "{C5A60E3D-7815-4127-B856-96277BEC1D11}"
	ProjectSection(ProjectDependencies) = postProject
		{213C6F21-D83F-48C7-BBB5-B35AB1B706B1} = {213C6F21-D83F-48C7-BBB5-B35AB1B706B1}
		{488199DD-D9F3-41C8-AED6-8AFFFB294CFF} = {488199DD-D9F3-41C8-AED6-8AFFFB294CFF}
		{E83187C1-AAC2-445D-B8B2-883EFC10C39A} = {E83187C1-AAC2-445D-B8B2-883EFC10C39A}
		{0D616380-1A5A-4230-A80B-021360E4E669} = {0D616380-1A5A-4230-A80B-021360E4E669}
		{D1507562-A363-4685-96AF-B036F5E5E47F} = {D1507562-A363-4685-96AF-B036F5E5E47F}
		{F55ACA54-70DF-4343-8E16-FA97C757CCF6} = {F55ACA54-70DF-4343-8E16-FA97C757CCF6}
		{15605F44-BFFD-444F-AD4C-55DC9D704465} = {15605F44-BFFD-444F-AD4C-55DC9D704465}
		{B0833E27-BCB2-4D0D-B6D2-F4621224CFD8} = {B0833E27-BCB2-4D0D-B6D2-F4621224CFD8}
	EndProjectSection
EndProject
Project("{8BC9CEB8-8B4A-11D0-8D11-00A0C91BC942}") = "alice", "alice.vcproj", "{0D616380-1A5A-4230-A80B-021360E4E669}"
EndProject
Project("{8BC9CEB8-8B4A-11D0-8D11-00A0C91BC942}") = "burp", "burp.vcproj", "{D1507562-A363-4685-96AF-B036F5E5E47F}"
EndProject
Project("{8BC9CEB8-8B4A-11D0-8D11-00A0C91BC942}") = "common", "common.vcproj", "{15605F44-BFFD-444F-AD4C-55DC9D704465}"
EndProject
Project("{8BC9CEB8-8B4A-11D0-8D11-00A0C91BC942}") = "config", "config.vcproj", "{E83187C1-AAC2-445D-B8B2-883EFC10C39A}"
EndProject
Project("{8BC9CEB8-8B4A-11D0-8D11-00A0C91BC942}") = "engine_embed", "engine_embed.vcproj", "{F55ACA54-70DF-4343-8E16-FA97C757CCF6}"
EndProject
Project("{8BC9CEB8-8B4A-11D0-8D11-00A0C91BC942}") = "utilities_embed", "utilities_embed.vcproj", "{B0833E27-BCB2-4D0D-B6D2-F4621224CFD8}"
EndProject
Project("{8BC9CEB8-8B4A-11D0-8D11-00A0C91BC942}") = "gbak_embed", "gbak_embed.vcproj", "{03136BE7-9E18-4B03-94DB-D19A6EF992B4}"
	ProjectSection(ProjectDependencies) = postProject
		{DC8E2FAB-B3E1-4A13-A1EC-60D05D0135C9} = {DC8E2FAB-B3E1-4A13-A1EC-60D05D0135C9}
		{C5A60E3D-7815-4127-B856-96277BEC1D11} = {C5A60E3D-7815-4127-B856-96277BEC1D11}
	EndProjectSection
EndProject
Project("{8BC9CEB8-8B4A-11D0-8D11-00A0C91BC942}") = "isql_embed", "isql_embed.vcproj", "{B8AACEB0-2586-4EAE-868F-18A6A93A1A19}"
	ProjectSection(ProjectDependencies) = postProject
		{15605F44-BFFD-444F-AD4C-55DC9D704465} = {15605F44-BFFD-444F-AD4C-55DC9D704465}
		{C5A60E3D-7815-4127-B856-96277BEC1D11} = {C5A60E3D-7815-4127-B856-96277BEC1D11}
	EndProjectSection
EndProject
Project("{8BC9CEB8-8B4A-11D0-8D11-00A0C91BC942}") = "btyacc", "btyacc.vcproj", "{57CDBF51-F1FB-4227-8C03-6F4134A7E234}"
EndProject
Project("{8BC9CEB8-8B4A-11D0-8D11-00A0C91BC942}") = "dsql_server_classic", "dsql_server_classic.vcproj", "{488199DD-D9F3-41C8-AED6-8AFFFB294CFF}"
EndProject
Project("{8BC9CEB8-8B4A-11D0-8D11-00A0C91BC942}") = "lock_classic", "lock_classic.vcproj", "{213C6F21-D83F-48C7-BBB5-B35AB1B706B1}"
EndProject
Global
	GlobalSection(SolutionConfigurationPlatforms) = preSolution
		Debug|Win32 = Debug|Win32
		Debug|x64 = Debug|x64
		Release|Win32 = Release|Win32
		Release|x64 = Release|x64
	EndGlobalSection
	GlobalSection(ProjectConfigurationPlatforms) = postSolution
		{99A84638-DF3A-417F-895D-5BD88FC29411}.Debug|Win32.ActiveCfg = Debug|Win32
		{99A84638-DF3A-417F-895D-5BD88FC29411}.Debug|Win32.Build.0 = Debug|Win32
		{99A84638-DF3A-417F-895D-5BD88FC29411}.Debug|x64.ActiveCfg = Debug|x64
		{99A84638-DF3A-417F-895D-5BD88FC29411}.Debug|x64.Build.0 = Debug|x64
		{99A84638-DF3A-417F-895D-5BD88FC29411}.Release|Win32.ActiveCfg = Release|Win32
		{99A84638-DF3A-417F-895D-5BD88FC29411}.Release|Win32.Build.0 = Release|Win32
		{99A84638-DF3A-417F-895D-5BD88FC29411}.Release|x64.ActiveCfg = Release|x64
		{99A84638-DF3A-417F-895D-5BD88FC29411}.Release|x64.Build.0 = Release|x64
		{5658573B-E79E-4C84-8B15-C910C4CDB9AD}.Debug|Win32.ActiveCfg = Debug|Win32
		{5658573B-E79E-4C84-8B15-C910C4CDB9AD}.Debug|Win32.Build.0 = Debug|Win32
		{5658573B-E79E-4C84-8B15-C910C4CDB9AD}.Debug|x64.ActiveCfg = Debug|x64
		{5658573B-E79E-4C84-8B15-C910C4CDB9AD}.Debug|x64.Build.0 = Debug|x64
		{5658573B-E79E-4C84-8B15-C910C4CDB9AD}.Release|Win32.ActiveCfg = Release|Win32
		{5658573B-E79E-4C84-8B15-C910C4CDB9AD}.Release|Win32.Build.0 = Release|Win32
		{5658573B-E79E-4C84-8B15-C910C4CDB9AD}.Release|x64.ActiveCfg = Release|x64
		{5658573B-E79E-4C84-8B15-C910C4CDB9AD}.Release|x64.Build.0 = Release|x64
		{DC8E2FAB-B3E1-4A13-A1EC-60D05D0135C9}.Debug|Win32.ActiveCfg = Debug|Win32
		{DC8E2FAB-B3E1-4A13-A1EC-60D05D0135C9}.Debug|Win32.Build.0 = Debug|Win32
		{DC8E2FAB-B3E1-4A13-A1EC-60D05D0135C9}.Debug|x64.ActiveCfg = Debug|x64
		{DC8E2FAB-B3E1-4A13-A1EC-60D05D0135C9}.Debug|x64.Build.0 = Debug|x64
		{DC8E2FAB-B3E1-4A13-A1EC-60D05D0135C9}.Release|Win32.ActiveCfg = Release|Win32
		{DC8E2FAB-B3E1-4A13-A1EC-60D05D0135C9}.Release|Win32.Build.0 = Release|Win32
		{DC8E2FAB-B3E1-4A13-A1EC-60D05D0135C9}.Release|x64.ActiveCfg = Release|x64
		{DC8E2FAB-B3E1-4A13-A1EC-60D05D0135C9}.Release|x64.Build.0 = Release|x64
		{8348521F-4480-4A1D-AE3B-E260235E9860}.Debug|Win32.ActiveCfg = Debug|Win32
		{8348521F-4480-4A1D-AE3B-E260235E9860}.Debug|Win32.Build.0 = Debug|Win32
		{8348521F-4480-4A1D-AE3B-E260235E9860}.Debug|x64.ActiveCfg = Debug|x64
		{8348521F-4480-4A1D-AE3B-E260235E9860}.Debug|x64.Build.0 = Debug|x64
		{8348521F-4480-4A1D-AE3B-E260235E9860}.Release|Win32.ActiveCfg = Release|Win32
		{8348521F-4480-4A1D-AE3B-E260235E9860}.Release|Win32.Build.0 = Release|Win32
		{8348521F-4480-4A1D-AE3B-E260235E9860}.Release|x64.ActiveCfg = Release|x64
		{8348521F-4480-4A1D-AE3B-E260235E9860}.Release|x64.Build.0 = Release|x64
		{A8FA63F9-9F86-49DA-96AC-2A6AB5B8F292}.Debug|Win32.ActiveCfg = Debug|Win32
		{A8FA63F9-9F86-49DA-96AC-2A6AB5B8F292}.Debug|Win32.Build.0 = Debug|Win32
		{A8FA63F9-9F86-49DA-96AC-2A6AB5B8F292}.Debug|x64.ActiveCfg = Debug|x64
		{A8FA63F9-9F86-49DA-96AC-2A6AB5B8F292}.Debug|x64.Build.0 = Debug|x64
		{A8FA63F9-9F86-49DA-96AC-2A6AB5B8F292}.Release|Win32.ActiveCfg = Release|Win32
		{A8FA63F9-9F86-49DA-96AC-2A6AB5B8F292}.Release|Win32.Build.0 = Release|Win32
		{A8FA63F9-9F86-49DA-96AC-2A6AB5B8F292}.Release|x64.ActiveCfg = Release|x64
		{A8FA63F9-9F86-49DA-96AC-2A6AB5B8F292}.Release|x64.Build.0 = Release|x64
		{C5A60E3D-7815-4127-B856-96277BEC1D11}.Debug|Win32.ActiveCfg = Debug|Win32
		{C5A60E3D-7815-4127-B856-96277BEC1D11}.Debug|Win32.Build.0 = Debug|Win32
		{C5A60E3D-7815-4127-B856-96277BEC1D11}.Debug|x64.ActiveCfg = Debug|x64
		{C5A60E3D-7815-4127-B856-96277BEC1D11}.Debug|x64.Build.0 = Debug|x64
		{C5A60E3D-7815-4127-B856-96277BEC1D11}.Release|Win32.ActiveCfg = Release|Win32
		{C5A60E3D-7815-4127-B856-96277BEC1D11}.Release|Win32.Build.0 = Release|Win32
		{C5A60E3D-7815-4127-B856-96277BEC1D11}.Release|x64.ActiveCfg = Release|x64
		{C5A60E3D-7815-4127-B856-96277BEC1D11}.Release|x64.Build.0 = Release|x64
		{0D616380-1A5A-4230-A80B-021360E4E669}.Debug|Win32.ActiveCfg = Debug|Win32
		{0D616380-1A5A-4230-A80B-021360E4E669}.Debug|Win32.Build.0 = Debug|Win32
		{0D616380-1A5A-4230-A80B-021360E4E669}.Debug|x64.ActiveCfg = Debug|x64
		{0D616380-1A5A-4230-A80B-021360E4E669}.Debug|x64.Build.0 = Debug|x64
		{0D616380-1A5A-4230-A80B-021360E4E669}.Release|Win32.ActiveCfg = Release|Win32
		{0D616380-1A5A-4230-A80B-021360E4E669}.Release|Win32.Build.0 = Release|Win32
		{0D616380-1A5A-4230-A80B-021360E4E669}.Release|x64.ActiveCfg = Release|x64
		{0D616380-1A5A-4230-A80B-021360E4E669}.Release|x64.Build.0 = Release|x64
		{D1507562-A363-4685-96AF-B036F5E5E47F}.Debug|Win32.ActiveCfg = Debug|Win32
		{D1507562-A363-4685-96AF-B036F5E5E47F}.Debug|Win32.Build.0 = Debug|Win32
		{D1507562-A363-4685-96AF-B036F5E5E47F}.Debug|x64.ActiveCfg = Debug|x64
		{D1507562-A363-4685-96AF-B036F5E5E47F}.Debug|x64.Build.0 = Debug|x64
		{D1507562-A363-4685-96AF-B036F5E5E47F}.Release|Win32.ActiveCfg = Release|Win32
		{D1507562-A363-4685-96AF-B036F5E5E47F}.Release|Win32.Build.0 = Release|Win32
		{D1507562-A363-4685-96AF-B036F5E5E47F}.Release|x64.ActiveCfg = Release|x64
		{D1507562-A363-4685-96AF-B036F5E5E47F}.Release|x64.Build.0 = Release|x64
		{15605F44-BFFD-444F-AD4C-55DC9D704465}.Debug|Win32.ActiveCfg = Debug|Win32
		{15605F44-BFFD-444F-AD4C-55DC9D704465}.Debug|Win32.Build.0 = Debug|Win32
		{15605F44-BFFD-444F-AD4C-55DC9D704465}.Debug|x64.ActiveCfg = Debug|x64
		{15605F44-BFFD-444F-AD4C-55DC9D704465}.Debug|x64.Build.0 = Debug|x64
		{15605F44-BFFD-444F-AD4C-55DC9D704465}.Release|Win32.ActiveCfg = Release|Win32
		{15605F44-BFFD-444F-AD4C-55DC9D704465}.Release|Win32.Build.0 = Release|Win32
		{15605F44-BFFD-444F-AD4C-55DC9D704465}.Release|x64.ActiveCfg = Release|x64
		{15605F44-BFFD-444F-AD4C-55DC9D704465}.Release|x64.Build.0 = Release|x64
		{E83187C1-AAC2-445D-B8B2-883EFC10C39A}.Debug|Win32.ActiveCfg = Debug|Win32
		{E83187C1-AAC2-445D-B8B2-883EFC10C39A}.Debug|Win32.Build.0 = Debug|Win32
		{E83187C1-AAC2-445D-B8B2-883EFC10C39A}.Debug|x64.ActiveCfg = Debug|x64
		{E83187C1-AAC2-445D-B8B2-883EFC10C39A}.Debug|x64.Build.0 = Debug|x64
		{E83187C1-AAC2-445D-B8B2-883EFC10C39A}.Release|Win32.ActiveCfg = Release|Win32
		{E83187C1-AAC2-445D-B8B2-883EFC10C39A}.Release|Win32.Build.0 = Release|Win32
		{E83187C1-AAC2-445D-B8B2-883EFC10C39A}.Release|x64.ActiveCfg = Release|x64
		{E83187C1-AAC2-445D-B8B2-883EFC10C39A}.Release|x64.Build.0 = Release|x64
		{F55ACA54-70DF-4343-8E16-FA97C757CCF6}.Debug|Win32.ActiveCfg = Debug|Win32
		{F55ACA54-70DF-4343-8E16-FA97C757CCF6}.Debug|Win32.Build.0 = Debug|Win32
		{F55ACA54-70DF-4343-8E16-FA97C757CCF6}.Debug|x64.ActiveCfg = Debug|x64
		{F55ACA54-70DF-4343-8E16-FA97C757CCF6}.Debug|x64.Build.0 = Debug|x64
		{F55ACA54-70DF-4343-8E16-FA97C757CCF6}.Release|Win32.ActiveCfg = Release|Win32
		{F55ACA54-70DF-4343-8E16-FA97C757CCF6}.Release|Win32.Build.0 = Release|Win32
		{F55ACA54-70DF-4343-8E16-FA97C757CCF6}.Release|x64.ActiveCfg = Release|x64
		{F55ACA54-70DF-4343-8E16-FA97C757CCF6}.Release|x64.Build.0 = Release|x64
		{B0833E27-BCB2-4D0D-B6D2-F4621224CFD8}.Debug|Win32.ActiveCfg = Debug|Win32
		{B0833E27-BCB2-4D0D-B6D2-F4621224CFD8}.Debug|Win32.Build.0 = Debug|Win32
		{B0833E27-BCB2-4D0D-B6D2-F4621224CFD8}.Debug|x64.ActiveCfg = Debug|x64
		{B0833E27-BCB2-4D0D-B6D2-F4621224CFD8}.Debug|x64.Build.0 = Debug|x64
		{B0833E27-BCB2-4D0D-B6D2-F4621224CFD8}.Release|Win32.ActiveCfg = Release|Win32
		{B0833E27-BCB2-4D0D-B6D2-F4621224CFD8}.Release|Win32.Build.0 = Release|Win32
		{B0833E27-BCB2-4D0D-B6D2-F4621224CFD8}.Release|x64.ActiveCfg = Release|x64
		{B0833E27-BCB2-4D0D-B6D2-F4621224CFD8}.Release|x64.Build.0 = Release|x64
		{03136BE7-9E18-4B03-94DB-D19A6EF992B4}.Debug|Win32.ActiveCfg = Debug|Win32
		{03136BE7-9E18-4B03-94DB-D19A6EF992B4}.Debug|Win32.Build.0 = Debug|Win32
		{03136BE7-9E18-4B03-94DB-D19A6EF992B4}.Debug|x64.ActiveCfg = Debug|x64
		{03136BE7-9E18-4B03-94DB-D19A6EF992B4}.Debug|x64.Build.0 = Debug|x64
		{03136BE7-9E18-4B03-94DB-D19A6EF992B4}.Release|Win32.ActiveCfg = Release|Win32
		{03136BE7-9E18-4B03-94DB-D19A6EF992B4}.Release|Win32.Build.0 = Release|Win32
		{03136BE7-9E18-4B03-94DB-D19A6EF992B4}.Release|x64.ActiveCfg = Release|x64
		{03136BE7-9E18-4B03-94DB-D19A6EF992B4}.Release|x64.Build.0 = Release|x64
		{B8AACEB0-2586-4EAE-868F-18A6A93A1A19}.Debug|Win32.ActiveCfg = Debug|Win32
		{B8AACEB0-2586-4EAE-868F-18A6A93A1A19}.Debug|Win32.Build.0 = Debug|Win32
		{B8AACEB0-2586-4EAE-868F-18A6A93A1A19}.Debug|x64.ActiveCfg = Debug|x64
		{B8AACEB0-2586-4EAE-868F-18A6A93A1A19}.Debug|x64.Build.0 = Debug|x64
		{B8AACEB0-2586-4EAE-868F-18A6A93A1A19}.Release|Win32.ActiveCfg = Release|Win32
		{B8AACEB0-2586-4EAE-868F-18A6A93A1A19}.Release|Win32.Build.0 = Release|Win32
		{B8AACEB0-2586-4EAE-868F-18A6A93A1A19}.Release|x64.ActiveCfg = Release|x64
		{B8AACEB0-2586-4EAE-868F-18A6A93A1A19}.Release|x64.Build.0 = Release|x64
		{57CDBF51-F1FB-4227-8C03-6F4134A7E234}.Debug|Win32.ActiveCfg = Debug|Win32
		{57CDBF51-F1FB-4227-8C03-6F4134A7E234}.Debug|Win32.Build.0 = Debug|Win32
		{57CDBF51-F1FB-4227-8C03-6F4134A7E234}.Debug|x64.ActiveCfg = Debug|x64
		{57CDBF51-F1FB-4227-8C03-6F4134A7E234}.Debug|x64.Build.0 = Debug|x64
		{57CDBF51-F1FB-4227-8C03-6F4134A7E234}.Release|Win32.ActiveCfg = Release|Win32
		{57CDBF51-F1FB-4227-8C03-6F4134A7E234}.Release|Win32.Build.0 = Release|Win32
		{57CDBF51-F1FB-4227-8C03-6F4134A7E234}.Release|x64.ActiveCfg = Release|x64
		{57CDBF51-F1FB-4227-8C03-6F4134A7E234}.Release|x64.Build.0 = Release|x64
		{488199DD-D9F3-41C8-AED6-8AFFFB294CFF}.Debug|Win32.ActiveCfg = Debug|Win32
		{488199DD-D9F3-41C8-AED6-8AFFFB294CFF}.Debug|Win32.Build.0 = Debug|Win32
		{488199DD-D9F3-41C8-AED6-8AFFFB294CFF}.Debug|x64.ActiveCfg = Debug|x64
		{488199DD-D9F3-41C8-AED6-8AFFFB294CFF}.Debug|x64.Build.0 = Debug|x64
		{488199DD-D9F3-41C8-AED6-8AFFFB294CFF}.Release|Win32.ActiveCfg = Release|Win32
		{488199DD-D9F3-41C8-AED6-8AFFFB294CFF}.Release|Win32.Build.0 = Release|Win32
		{488199DD-D9F3-41C8-AED6-8AFFFB294CFF}.Release|x64.ActiveCfg = Release|x64
		{488199DD-D9F3-41C8-AED6-8AFFFB294CFF}.Release|x64.Build.0 = Release|x64
		{213C6F21-D83F-48C7-BBB5-B35AB1B706B1}.Debug|Win32.ActiveCfg = Debug|Win32
		{213C6F21-D83F-48C7-BBB5-B35AB1B706B1}.Debug|Win32.Build.0 = Debug|Win32
		{213C6F21-D83F-48C7-BBB5-B35AB1B706B1}.Debug|x64.ActiveCfg = Debug|x64
		{213C6F21-D83F-48C7-BBB5-B35AB1B706B1}.Debug|x64.Build.0 = Debug|x64
		{213C6F21-D83F-48C7-BBB5-B35AB1B706B1}.Release|Win32.ActiveCfg = Release|Win32
		{213C6F21-D83F-48C7-BBB5-B35AB1B706B1}.Release|Win32.Build.0 = Release|Win32
		{213C6F21-D83F-48C7-BBB5-B35AB1B706B1}.Release|x64.ActiveCfg = Release|x64
		{213C6F21-D83F-48C7-BBB5-B35AB1B706B1}.Release|x64.Build.0 = Release|x64
	EndGlobalSection
	GlobalSection(SolutionProperties) = preSolution
		HideSolutionNode = FALSE
	EndGlobalSection
EndGlobal
