Microsoft Visual Studio Solution File, Format Version 8.00
Project("{8BC9CEB8-8B4A-11D0-8D11-00A0C91BC942}") = "empbuild", "empbuild.vcproj", "{FC2859B9-56DB-40B4-86C4-2DE31ECE9144}"
EndProject
Project("{8BC9CEB8-8B4A-11D0-8D11-00A0C91BC942}") = "intlbuild", "intlbuild.vcproj", "{9546EF04-1326-464B-A6ED-395C60DD63CC}"
EndProject
Global
	GlobalSection(SolutionConfigurationPlatforms) = preSolution
		Debug|Win32 = Debug|Win32
		Debug|x64 = Debug|x64
		Release|Win32 = Release|Win32
		Release|x64 = Release|x64
	EndGlobalSection
	GlobalSection(ProjectConfigurationPlatforms) = postSolution
		{FC2859B9-56DB-40B4-86C4-2DE31ECE9144}.Debug|Win32.ActiveCfg = Debug|Win32
		{FC2859B9-56DB-40B4-86C4-2DE31ECE9144}.Debug|Win32.Build.0 = Debug|Win32
		{FC2859B9-56DB-40B4-86C4-2DE31ECE9144}.Debug|x64.ActiveCfg = Debug|x64
		{FC2859B9-56DB-40B4-86C4-2DE31ECE9144}.Debug|x64.Build.0 = Debug|x64
		{FC2859B9-56DB-40B4-86C4-2DE31ECE9144}.Release|Win32.ActiveCfg = Release|Win32
		{FC2859B9-56DB-40B4-86C4-2DE31ECE9144}.Release|Win32.Build.0 = Release|Win32
		{FC2859B9-56DB-40B4-86C4-2DE31ECE9144}.Release|x64.ActiveCfg = Release|x64
		{FC2859B9-56DB-40B4-86C4-2DE31ECE9144}.Release|x64.Build.0 = Release|x64
		{9546EF04-1326-464B-A6ED-395C60DD63CC}.Debug|Win32.ActiveCfg = Debug|Win32
		{9546EF04-1326-464B-A6ED-395C60DD63CC}.Debug|x64.ActiveCfg = Debug|x64
		{9546EF04-1326-464B-A6ED-395C60DD63CC}.Release|Win32.ActiveCfg = Release|Win32
		{9546EF04-1326-464B-A6ED-395C60DD63CC}.Release|x64.ActiveCfg = Release|x64
	EndGlobalSection
	GlobalSection(SolutionProperties) = preSolution
		HideSolutionNode = FALSE
	EndGlobalSection
EndGlobal
